{
  "name": "treadle-bench",
  "version": "0.0.0",
  "lockfileVersion": 3,
  "requires": true,
  "packages": {
    "": {
      "name": "treadle-bench",
      "version": "0.0.0",
      "license": "Apache-2.0",
      "dependencies": {
        "bpmn-auto-layout": "2.0.0-alpha.2",
        "bpmn-moddle": "^10.2.0",
        "bpmnlint": "^11.13.0",
        "xmllint-wasm": "^5.3.0"
      },
      "devDependencies": {
        "oxlint": "1.81.0"
      },
      "engines": {
        "node": ">=22.12"
      }
    },
    "node_modules/@bpmn-io/moddle-utils": {
      "version": "0.3.0",
      "resolved": "https://registry.npmjs.org/@bpmn-io/moddle-utils/-/moddle-utils-0.3.0.tgz",
      "integrity": "sha512-0kz2PKfjIH3XFtO9Koxh7jV8e1DWWs4rgp0IczhJgluoRHf9Jhq8zX1H3wGJu6+lpg1Rkzc6YW1ezKz+2K8wTg==",
      "dependencies": {
        "min-dash": "^5.0.0"
      }
    },
    "node_modules/@oxlint/binding-android-arm-eabi": {
      "version": "1.81.0",
      "resolved": "https://registry.npmjs.org/@oxlint/binding-android-arm-eabi/-/binding-android-arm-eabi-1.81.0.tgz",
      "integrity": "sha512-IcCRsXiedJoJopY6mpZUBEeVFsUrutmrG7dZ87zMuKJlhg70Ora9bBl1WcCxZQtyI10YpnVdEso5oCg7YcfSHw==",
      "cpu": [
        "arm"
      ],
      "dev": true,
      "license": "MIT",
      "optional": true,
      "os": [
        "android"
      ],
      "engines": {
        "node": "^20.19.0 || >=22.12.0"
      }
    },
    "node_modules/@oxlint/binding-android-arm64": {
      "version": "1.81.0",
      "resolved": "https://registry.npmjs.org/@oxlint/binding-android-arm64/-/binding-android-arm64-1.81.0.tgz",
      "integrity": "sha512-GRrIPyTGVhx3L3h+0T5xT2A0jFAcdPv4+IfuXpGDLIdl6XeYhgg/zw72A5ILZoUgRqZuM8F1y+V/gfDriXSxzQ==",
      "cpu": [
        "arm64"
      ],
      "dev": true,
      "license": "MIT",
      "optional": true,
      "os": [
        "android"
      ],
      "engines": {
        "node": "^20.19.0 || >=22.12.0"
      }
    },
    "node_modules/@oxlint/binding-darwin-arm64": {
      "version": "1.81.0",
      "resolved": "https://registry.npmjs.org/@oxlint/binding-darwin-arm64/-/binding-darwin-arm64-1.81.0.tgz",
      "integrity": "sha512-qNQ9tXRgLuKbqSV1S2h9h4KPHjbovO7RRR2/enUOtHzTkFZ7B9X5zqqHJua8dRyc7dBy7Aoyq5pqTSLFVcAzGQ==",
      "cpu": [
        "arm64"
      ],
      "dev": true,
      "license": "MIT",
      "optional": true,
      "os": [
        "darwin"
      ],
      "engines": {
        "node": "^20.19.0 || >=22.12.0"
      }
    },
    "node_modules/@oxlint/binding-darwin-x64": {
      "version": "1.81.0",
      "resolved": "https://registry.npmjs.org/@oxlint/binding-darwin-x64/-/binding-darwin-x64-1.81.0.tgz",
      "integrity": "sha512-q0QTm32jWga2Gv4j7IaVZN0jYMi9UV73sWVgFtDA4iIfqwMCLLZ3ve+9KwfYtsaKZSgQhmPaogeZWqDZpcY1Pw==",
      "cpu": [
        "x64"
      ],
      "dev": true,
      "license": "MIT",
      "optional": true,
      "os": [
        "darwin"
      ],
      "engines": {
        "node": "^20.19.0 || >=22.12.0"
      }
    },
    "node_modules/@oxlint/binding-freebsd-x64": {
      "version": "1.81.0",
      "resolved": "https://registry.npmjs.org/@oxlint/binding-freebsd-x64/-/binding-freebsd-x64-1.81.0.tgz",
      "integrity": "sha512-/+8wVWDXEC7wHVAhOc59Fw/SkMc1arLkFD8iQCaSsmzenK1X4doFqquL9H1wrtGUzaiycVqkf/sSpcILK6W1UA==",
      "cpu": [
        "x64"
      ],
      "dev": true,
      "license": "MIT",
      "optional": true,
      "os": [
        "freebsd"
      ],
      "engines": {
        "node": "^20.19.0 || >=22.12.0"
      }
    },
    "node_modules/@oxlint/binding-linux-arm-gnueabihf": {
      "version": "1.81.0",
      "resolved": "https://registry.npmjs.org/@oxlint/binding-linux-arm-gnueabihf/-/binding-linux-arm-gnueabihf-1.81.0.tgz",
      "integrity": "sha512-4xt422FEgioRq9hAL4Tq7fujGUWnc8z1BJ+Oi8RN8vB8axaP+sdK6a2xdlcQCCYnJg9QMuMFS0AucuIFx/EacA==",
      "cpu": [
        "arm"
      ],
      "dev": true,
      "license": "MIT",
      "optional": true,
      "os": [
        "linux"
      ],
      "engines": {
        "node": "^20.19.0 || >=22.12.0"
      }
    },
    "node_modules/@oxlint/binding-linux-arm-musleabihf": {
      "version": "1.81.0",
      "resolved": "https://registry.npmjs.org/@oxlint/binding-linux-arm-musleabihf/-/binding-linux-arm-musleabihf-1.81.0.tgz",
      "integrity": "sha512-u3vna8KdGplH4DRCW9K54D68fcMo7IxVrkCJWwXnIhwtBdnDnYrmzOUA/XjmBlPpcLsgw9Z5BNdY4za9+Dj+MQ==",
      "cpu": [
        "arm"
      ],
      "dev": true,
      "license": "MIT",
      "optional": true,
      "os": [
        "linux"
      ],
      "engines": {
        "node": "^20.19.0 || >=22.12.0"
      }
    },
    "node_modules/@oxlint/binding-linux-arm64-gnu": {
      "version": "1.81.0",
      "resolved": "https://registry.npmjs.org/@oxlint/binding-linux-arm64-gnu/-/binding-linux-arm64-gnu-1.81.0.tgz",
      "integrity": "sha512-3j9k+gsYsE7nv71GWotXsqsa2l9/aJenD7dVHNt/CBvsb0SgRjSMnHFeP59IXUAl1wvVFhqGl2wJNMwWU3UBlA==",
      "cpu": [
        "arm64"
      ],
      "dev": true,
      "license": "MIT",
      "optional": true,
      "os": [
        "linux"
      ],
      "engines": {
        "node": "^20.19.0 || >=22.12.0"
      }
    },
    "node_modules/@oxlint/binding-linux-arm64-musl": {
      "version": "1.81.0",
      "resolved": "https://registry.npmjs.org/@oxlint/binding-linux-arm64-musl/-/binding-linux-arm64-musl-1.81.0.tgz",
      "integrity": "sha512-k5iAp3dNxW0/uDCBY+WSm8jKB2szu7SkEQZdgRRpDXvuDd69vvDcqhB3A/pWCfCwXyenjNjFn9Td1fVoyAc+Yg==",
      "cpu": [
        "arm64"
      ],
      "dev": true,
      "license": "MIT",
      "optional": true,
      "os": [
        "linux"
      ],
      "engines": {
        "node": "^20.19.0 || >=22.12.0"
      }
    },
    "node_modules/@oxlint/binding-linux-ppc64-gnu": {
      "version": "1.81.0",
      "resolved": "https://registry.npmjs.org/@oxlint/binding-linux-ppc64-gnu/-/binding-linux-ppc64-gnu-1.81.0.tgz",
      "integrity": "sha512-TFqLja3uYmVSte6nof9GWrex9Z8WgdZrNiLC6Te5rXGDqXB2y4j/26iFhwosXiAFqDhE9JJVuuCkDKLwptTn1g==",
      "cpu": [
        "ppc64"
      ],
      "dev": true,
      "license": "MIT",
      "optional": true,
      "os": [
        "linux"
      ],
      "engines": {
        "node": "^20.19.0 || >=22.12.0"
      }
    },
    "node_modules/@oxlint/binding-linux-riscv64-gnu": {
      "version": "1.81.0",
      "resolved": "https://registry.npmjs.org/@oxlint/binding-linux-riscv64-gnu/-/binding-linux-riscv64-gnu-1.81.0.tgz",
      "integrity": "sha512-UEcySvGS0NOVo7h7n7CYyJL9+6gFAh7Zc/ToDXVScFvzHSTIxtzkMVU30rmQ6+nQ1LF+UdiRDdJajpDu+OylLg==",
      "cpu": [
        "riscv64"
      ],
      "dev": true,
      "license": "MIT",
      "optional": true,
      "os": [
        "linux"
      ],
      "engines": {
        "node": "^20.19.0 || >=22.12.0"
      }
    },
    "node_modules/@oxlint/binding-linux-riscv64-musl": {
      "version": "1.81.0",
      "resolved": "https://registry.npmjs.org/@oxlint/binding-linux-riscv64-musl/-/binding-linux-riscv64-musl-1.81.0.tgz",
      "integrity": "sha512-H+diDbhD00+wI1IRP8Kz88x/lat+DgtoBJzoTthS16xkTJGNaEkfb8gzmd1rzc/2uDQQMl7GNl+JFUacVeWxIA==",
      "cpu": [
        "riscv64"
      ],
      "dev": true,
      "license": "MIT",
      "optional": true,
      "os": [
        "linux"
      ],
      "engines": {
        "node": "^20.19.0 || >=22.12.0"
      }
    },
    "node_modules/@oxlint/binding-linux-s390x-gnu": {
      "version": "1.81.0",
      "resolved": "https://registry.npmjs.org/@oxlint/binding-linux-s390x-gnu/-/binding-linux-s390x-gnu-1.81.0.tgz",
      "integrity": "sha512-8znJ/5TekjOKg1j1Acho4PJMdiAHLtlcXuWEiipOhAMV6rQcXdmDdXCbheyDczN6TjBwiNfjcP81k4AthrKRzw==",
      "cpu": [
        "s390x"
      ],
      "dev": true,
      "license": "MIT",
      "optional": true,
      "os": [
        "linux"
      ],
      "engines": {
        "node": "^20.19.0 || >=22.12.0"
      }
    },
    "node_modules/@oxlint/binding-linux-x64-gnu": {
      "version": "1.81.0",
      "resolved": "https://registry.npmjs.org/@oxlint/binding-linux-x64-gnu/-/binding-linux-x64-gnu-1.81.0.tgz",
      "integrity": "sha512-Q2Wj70yFsvn5QjlmifFzbj4H+kJy53bwqc41o1fzoM7MpLV1NIbhg/LpWXRfC6KOkSAdUx1Wd8VJsdPmhp/HRA==",
      "cpu": [
        "x64"
      ],
      "dev": true,
      "license": "MIT",
      "optional": true,
      "os": [
        "linux"
      ],
      "engines": {
        "node": "^20.19.0 || >=22.12.0"
      }
    },
    "node_modules/@oxlint/binding-linux-x64-musl": {
      "version": "1.81.0",
      "resolved": "https://registry.npmjs.org/@oxlint/binding-linux-x64-musl/-/binding-linux-x64-musl-1.81.0.tgz",
      "integrity": "sha512-cPInHp/ddEe5qkyK2IiyQ8Q3Mp2oLLEhhsGgTK2oZx4L6+llGam1H1yBvJZ7qHfOXj8N3hxBS8sj4tO+gtFlIg==",
      "cpu": [
        "x64"
      ],
      "dev": true,
      "license": "MIT",
      "optional": true,
      "os": [
        "linux"
      ],
      "engines": {
        "node": "^20.19.0 || >=22.12.0"
      }
    },
    "node_modules/@oxlint/binding-openharmony-arm64": {
      "version": "1.81.0",
      "resolved": "https://registry.npmjs.org/@oxlint/binding-openharmony-arm64/-/binding-openharmony-arm64-1.81.0.tgz",
      "integrity": "sha512-0CQxSX4ajqm07AHBf5U33qQzXKdd7wtq/oTL/7vpY6RNNuxrRi8W4bqUV1Jyu/vj+9KmxQyDhxfeVX1nQL6kfg==",
      "cpu": [
        "arm64"
      ],
      "dev": true,
      "license": "MIT",
      "optional": true,
      "os": [
        "openharmony"
      ],
      "engines": {
        "node": "^20.19.0 || >=22.12.0"
      }
    },
    "node_modules/@oxlint/binding-win32-arm64-msvc": {
      "version": "1.81.0",
      "resolved": "https://registry.npmjs.org/@oxlint/binding-win32-arm64-msvc/-/binding-win32-arm64-msvc-1.81.0.tgz",
      "integrity": "sha512-l0hbeISm9673hVrrQU8j/p2M7YH9Ouoj7p7E/QM55NTrKVLP+P3PF8hLu+OY+x0VtGRW+ggiQKZqmdYps9H+TA==",
      "cpu": [
        "arm64"
      ],
      "dev": true,
      "license": "MIT",
      "optional": true,
      "os": [
        "win32"
      ],
      "engines": {
        "node": "^20.19.0 || >=22.12.0"
      }
    },
    "node_modules/@oxlint/binding-win32-ia32-msvc": {
      "version": "1.81.0",
      "resolved": "https://registry.npmjs.org/@oxlint/binding-win32-ia32-msvc/-/binding-win32-ia32-msvc-1.81.0.tgz",
      "integrity": "sha512-ksqPP5jbFXcYreEQ7zdJh06rJQBymCTyGRCdaXjfcf2aG4f8KxUWY5wcgYHmaTK+FJ4bPG5sUAdOX+6trnH1JA==",
      "cpu": [
        "ia32"
      ],
      "dev": true,
      "license": "MIT",
      "optional": true,
      "os": [
        "win32"
      ],
      "engines": {
        "node": "^20.19.0 || >=22.12.0"
      }
    },
    "node_modules/@oxlint/binding-win32-x64-msvc": {
      "version": "1.81.0",
      "resolved": "https://registry.npmjs.org/@oxlint/binding-win32-x64-msvc/-/binding-win32-x64-msvc-1.81.0.tgz",
      "integrity": "sha512-IZuUCwGw9emG5JtCp+fYGB+Z4OWEoeEcM8R5BA1pYw63/ieYFVdcU2ylxTpHbVHSenZnsYE+ZZ20uHAJszQ4cA==",
      "cpu": [
        "x64"
      ],
      "dev": true,
      "license": "MIT",
      "optional": true,
      "os": [
        "win32"
      ],
      "engines": {
        "node": "^20.19.0 || >=22.12.0"
      }
    },
    "node_modules/@types/node": {
      "version": "26.4.0",
      "resolved": "https://registry.npmjs.org/@types/node/-/node-26.4.0.tgz",
      "integrity": "sha512-faiGnoIrLH/V8cibOMEAZ8pMw6oXqSukl29ra4mN8GdaB2ZewzeaLj+INpV5N+Z1eKWzY+IzaIZH2EIR6YZRNQ==",
      "peer": true,
      "dependencies": {
        "undici-types": "~8.3.0"
      }
    },
    "node_modules/ansi-colors": {
      "version": "4.1.3",
      "resolved": "https://registry.npmjs.org/ansi-colors/-/ansi-colors-4.1.3.tgz",
      "integrity": "sha512-/6w/C21Pm1A7aZitlI5Ni/2J6FFQN8i1Cvz3kHABAAbw93v/NlvKdVOqz7CCWz/3iv/JplRSEEZ83XION15ovw==",
      "engines": {
        "node": ">=6"
      }
    },
    "node_modules/bpmn-auto-layout": {
      "version": "2.0.0-alpha.2",
      "resolved": "https://registry.npmjs.org/bpmn-auto-layout/-/bpmn-auto-layout-2.0.0-alpha.2.tgz",
      "integrity": "sha512-Xg8BoRMijfECgWljIlE44hbGDAuF0BkjJuLfd5o3oOx1ileL06EJQhlgO040xFIegfjxq91dVFAoxCL17wo53A==",
      "dependencies": {
        "bpmn-moddle": "^10.0.0",
        "min-dash": "^5.0.0"
      },
      "bin": {
        "bpmn-auto-layout": "bin/bpmn-auto-layout.js"
      },
      "engines": {
        "node": ">= 18"
      }
    },
    "node_modules/bpmn-moddle": {
      "version": "10.2.0",
      "resolved": "https://registry.npmjs.org/bpmn-moddle/-/bpmn-moddle-10.2.0.tgz",
      "integrity": "sha512-rjPr+hvh43DH9BXUHnXHVNcILYJbZ4rJdYY0GRV7ve99MURNjpIp/mCL8UJSz923uXJ4Doa/bEgBEsG01fPoYQ==",
      "dependencies": {
        "min-dash": "^5.1.0",
        "moddle": "^8.2.1",
        "moddle-xml": "^12.2.0"
      },
      "engines": {
        "node": ">= 20.12"
      }
    },
    "node_modules/bpmnlint": {
      "version": "11.13.0",
      "resolved": "https://registry.npmjs.org/bpmnlint/-/bpmnlint-11.13.0.tgz",
      "integrity": "sha512-EBUp+6yg2UWiCf44tZtxZUY0GpopALEE+/8ajV4inRGAVkuvHoICRmCPVkz88MSzBKdX0XSHOYijIk4yRdHW2Q==",
      "dependencies": {
        "@bpmn-io/moddle-utils": "^0.3.0",
        "ansi-colors": "^4.1.3",
        "bpmn-moddle": "^10.1.0",
        "bpmnlint-utils": "^1.1.1",
        "cli-table": "^0.3.11",
        "color-support": "^1.1.3",
        "min-dash": "^5.1.0",
        "mri": "^1.2.0",
        "pluralize": "^8.0.0",
        "tiny-glob": "^0.2.9"
      },
      "bin": {
        "bpmnlint": "bin/bpmnlint.js"
      },
      "engines": {
        "node": ">= 20"
      }
    },
    "node_modules/bpmnlint-utils": {
      "version": "1.1.1",
      "resolved": "https://registry.npmjs.org/bpmnlint-utils/-/bpmnlint-utils-1.1.1.tgz",
      "integrity": "sha512-Afdb77FmwNB3INyUfbzXW40yY+mc0qYU3SgDFeI4zTtduiVomOlfqoXiEaUIGI8Hyh7aVYpmf3O97P2w7x0DYQ=="
    },
    "node_modules/cli-table": {
      "version": "0.3.11",
      "resolved": "https://registry.npmjs.org/cli-table/-/cli-table-0.3.11.tgz",
      "integrity": "sha512-IqLQi4lO0nIB4tcdTpN4LCB9FI3uqrJZK7RC515EnhZ6qBaglkIgICb1wjeAqpdoOabm1+SuQtkXIPdYC93jhQ==",
      "dependencies": {
        "colors": "1.0.3"
      },
      "engines": {
        "node": ">= 0.2.0"
      }
    },
    "node_modules/color-support": {
      "version": "1.1.3",
      "resolved": "https://registry.npmjs.org/color-support/-/color-support-1.1.3.tgz",
      "integrity": "sha512-qiBjkpbMLO/HL68y+lh4q0/O1MZFj2RX6X/KmMa3+gJD3z+WwI1ZzDHysvqHGS3mP6mznPckpXmw1nI9cJjyRg==",
      "bin": {
        "color-support": "bin.js"
      }
    },
    "node_modules/colors": {
      "version": "1.0.3",
      "resolved": "https://registry.npmjs.org/colors/-/colors-1.0.3.tgz",
      "integrity": "sha512-pFGrxThWcWQ2MsAz6RtgeWe4NK2kUE1WfsrvvlctdII745EW9I0yflqhe7++M5LEc7bV2c/9/5zc8sFcpL0Drw==",
      "engines": {
        "node": ">=0.1.90"
      }
    },
    "node_modules/globalyzer": {
      "version": "0.1.0",
      "resolved": "https://registry.npmjs.org/globalyzer/-/globalyzer-0.1.0.tgz",
      "integrity": "sha512-40oNTM9UfG6aBmuKxk/giHn5nQ8RVz/SS4Ir6zgzOv9/qC3kKZ9v4etGTcJbEl/NyVQH7FGU7d+X1egr57Md2Q=="
    },
    "node_modules/globrex": {
      "version": "0.1.2",
      "resolved": "https://registry.npmjs.org/globrex/-/globrex-0.1.2.tgz",
      "integrity": "sha512-uHJgbwAMwNFf5mLst7IWLNg14x1CkeqglJb/K3doi4dw6q2IvAAmM/Y81kevy83wP+Sst+nutFTYOGg3d1lsxg=="
    },
    "node_modules/min-dash": {
      "version": "5.1.0",
      "resolved": "https://registry.npmjs.org/min-dash/-/min-dash-5.1.0.tgz",
      "integrity": "sha512-HAvN6XzmCQj+js43G9sJRRw8kj/7DvoxN7qhoIN9Xo5ZN1NMljtpyKs/NunXmw0QSWwlgZzNv6tLeEa4xaZ0tg=="
    },
    "node_modules/moddle": {
      "version": "8.2.1",
      "resolved": "https://registry.npmjs.org/moddle/-/moddle-8.2.1.tgz",
      "integrity": "sha512-20qzO/ZpMGO9j9gdQgXk9bfGxb9wA3JKnGth/21YZKODLrZE4RW/uVMIL5pTskYm34Z61DucBEPkq93qByNsBQ==",
      "dependencies": {
        "min-dash": "^5.1.0"
      }
    },
    "node_modules/moddle-xml": {
      "version": "12.2.0",
      "resolved": "https://registry.npmjs.org/moddle-xml/-/moddle-xml-12.2.0.tgz",
      "integrity": "sha512-kqjdAod5n2v3IVJGudJKRUa1PU/p8GpIb0HbfbVXCppt/MEHtRs+Qi/Q3KTy31JbZCUF9L36mY4wUx7PqqMX4g==",
      "dependencies": {
        "min-dash": "^5.1.0",
        "saxen": "^11.1.0"
      },
      "engines": {
        "node": ">= 18"
      },
      "peerDependencies": {
        "moddle": ">= 6.2.0"
      }
    },
    "node_modules/mri": {
      "version": "1.2.0",
      "resolved": "https://registry.npmjs.org/mri/-/mri-1.2.0.tgz",
      "integrity": "sha512-tzzskb3bG8LvYGFF/mDTpq3jpI6Q9wc3LEmBaghu+DdCssd1FakN7Bc0hVNmEyGq1bq3RgfkCb3cmQLpNPOroA==",
      "engines": {
        "node": ">=4"
      }
    },
    "node_modules/oxlint": {
      "version": "1.81.0",
      "resolved": "https://registry.npmjs.org/oxlint/-/oxlint-1.81.0.tgz",
      "integrity": "sha512-HyrJYqeoOCL0iqaLEzGewGT48ZX99P3hxYh8udAF9RGGIghSamkXE4ClUyBpEDNqasamThgmlPbuMOe7SAZmHg==",
      "dev": true,
      "license": "MIT",
      "bin": {
        "oxlint": "bin/oxlint"
      },
      "engines": {
        "node": "^20.19.0 || >=22.12.0"
      },
      "funding": {
        "url": "https://github.com/sponsors/oxc-project"
      },
      "optionalDependencies": {
        "@oxlint/binding-android-arm-eabi": "1.81.0",
        "@oxlint/binding-android-arm64": "1.81.0",
        "@oxlint/binding-darwin-arm64": "1.81.0",
        "@oxlint/binding-darwin-x64": "1.81.0",
        "@oxlint/binding-freebsd-x64": "1.81.0",
        "@oxlint/binding-linux-arm-gnueabihf": "1.81.0",
        "@oxlint/binding-linux-arm-musleabihf": "1.81.0",
        "@oxlint/binding-linux-arm64-gnu": "1.81.0",
        "@oxlint/binding-linux-arm64-musl": "1.81.0",
        "@oxlint/binding-linux-ppc64-gnu": "1.81.0",
        "@oxlint/binding-linux-riscv64-gnu": "1.81.0",
        "@oxlint/binding-linux-riscv64-musl": "1.81.0",
        "@oxlint/binding-linux-s390x-gnu": "1.81.0",
        "@oxlint/binding-linux-x64-gnu": "1.81.0",
        "@oxlint/binding-linux-x64-musl": "1.81.0",
        "@oxlint/binding-openharmony-arm64": "1.81.0",
        "@oxlint/binding-win32-arm64-msvc": "1.81.0",
        "@oxlint/binding-win32-ia32-msvc": "1.81.0",
        "@oxlint/binding-win32-x64-msvc": "1.81.0"
      },
      "peerDependencies": {
        "oxlint-tsgolint": ">=7.0.2001",
        "vite-plus": "*"
      },
      "peerDependenciesMeta": {
        "oxlint-tsgolint": {
          "optional": true
        },
        "vite-plus": {
          "optional": true
        }
      }
    },
    "node_modules/pluralize": {
      "version": "8.0.0",
      "resolved": "https://registry.npmjs.org/pluralize/-/pluralize-8.0.0.tgz",
      "integrity": "sha512-Nc3IT5yHzflTfbjgqWcCPpo7DaKy4FnpB0l/zCAW0Tc7jxAiuqSxHasntB3D7887LSrA93kDJ9IXovxJYxyLCA==",
      "engines": {
        "node": ">=4"
      }
    },
    "node_modules/saxen": {
      "version": "11.1.1",
      "resolved": "https://registry.npmjs.org/saxen/-/saxen-11.1.1.tgz",
      "integrity": "sha512-J4BkmJFaM7VgE7pgkFGsNEcqqM3h7+Mz80vfLWFhx7uNOCOXIu6LLjQHYWNejdst3pf/3JUaBIG9+pkk1umlow==",
      "engines": {
        "node": ">= 20.12"
      }
    },
    "node_modules/tiny-glob": {
      "version": "0.2.9",
      "resolved": "https://registry.npmjs.org/tiny-glob/-/tiny-glob-0.2.9.tgz",
      "integrity": "sha512-g/55ssRPUjShh+xkfx9UPDXqhckHEsHr4Vd9zX55oSdGZc/MD0m3sferOkwWtp98bv+kcVfEHtRJgBVJzelrzg==",
      "dependencies": {
        "globalyzer": "0.1.0",
        "globrex": "^0.1.2"
      }
    },
    "node_modules/undici-types": {
      "version": "8.3.0",
      "resolved": "https://registry.npmjs.org/undici-types/-/undici-types-8.3.0.tgz",
      "integrity": "sha512-j375ScV60dom+YkPFIfTLcOiPxkN/buHz5GobjLhixFuANaNs3C9l4GmrWqejgXWJ7BbJcFYpTEUkS1Ge8bpZQ==",
      "peer": true
    },
    "node_modules/xmllint-wasm": {
      "version": "5.3.0",
      "resolved": "https://registry.npmjs.org/xmllint-wasm/-/xmllint-wasm-5.3.0.tgz",
      "integrity": "sha512-sEgRXdf2t13eYCFCURmCE6h2hwleEOIS9VL/jOh9JJJnez2YXIooi2Ghm05/JZEPXyPawN8sMASPVZlmh8Sd6A==",
      "engines": {
        "node": ">=16"
      },
      "peerDependencies": {
        "@types/node": ">=16"
      }
    }
  }
}
